
Microsoft Visual Studio Solution File, Format Version 12.00
# Visual Studio Version 16
VisualStudioVersion = 25.0.1704.2
MinimumVisualStudioVersion = 10.0.40219.1
Project("{FAE04EC0-301F-11D3-BF4B-00C04F79EFBC}") = "TreeApp", "TreeApp\TreeApp.csproj", "{33EFA5DF-A701-4AAD-9FD7-9D8CD4017147}"
EndProject
Global
	GlobalSection(SolutionConfigurationPlatforms) = preSolution
		Debug|Any CPU = Debug|Any CPU
		Release|Any CPU = Release|Any CPU
	EndGlobalSection
	GlobalSection(ProjectConfigurationPlatforms) = postSolution
		{33EFA5DF-A701-4AAD-9FD7-9D8CD4017147}.Debug|Any CPU.ActiveCfg = Debug|Any CPU
		{33EFA5DF-A701-4AAD-9FD7-9D8CD4017147}.Debug|Any CPU.Build.0 = Debug|Any CPU
		{33EFA5DF-A701-4AAD-9FD7-9D8CD4017147}.Release|Any CPU.ActiveCfg = Release|Any CPU
		{33EFA5DF-A701-4AAD-9FD7-9D8CD4017147}.Release|Any CPU.Build.0 = Release|Any CPU
	EndGlobalSection
	GlobalSection(SolutionProperties) = preSolution
		HideSolutionNode = FALSE
	EndGlobalSection
	GlobalSection(ExtensibilityGlobals) = postSolution
		SolutionGuid = {EF0041B8-CE61-44EB-8D79-05D91E3F5722}
	EndGlobalSection
EndGlobal
